
Microsoft Visual Studio Solution File, Format Version 12.00
# Visual Studio Version 17
VisualStudioVersion = 17.8.34525.116
MinimumVisualStudioVersion = 10.0.40219.1
Project("{FAE04EC0-301F-11D3-BF4B-00C04F79EFBC}") = "Par e impar", "Par e impar.csproj", "{A83B073B-2648-429E-BC21-011294D4D379}"
EndProject
Global
	GlobalSection(SolutionConfigurationPlatforms) = preSolution
		Debug|Any CPU = Debug|Any CPU
		Release|Any CPU = Release|Any CPU
	EndGlobalSection
	GlobalSection(ProjectConfigurationPlatforms) = postSolution
		{A83B073B-2648-429E-BC21-011294D4D379}.Debug|Any CPU.ActiveCfg = Debug|Any CPU
		{A83B073B-2648-429E-BC21-011294D4D379}.Debug|Any CPU.Build.0 = Debug|Any CPU
		{A83B073B-2648-429E-BC21-011294D4D379}.Release|Any CPU.ActiveCfg = Release|Any CPU
		{A83B073B-2648-429E-BC21-011294D4D379}.Release|Any CPU.Build.0 = Release|Any CPU
	EndGlobalSection
	GlobalSection(SolutionProperties) = preSolution
		HideSolutionNode = FALSE
	EndGlobalSection
	GlobalSection(ExtensibilityGlobals) = postSolution
		SolutionGuid = {8B15D3A4-8CBC-414C-A568-2D93F29DA6B8}
	EndGlobalSection
EndGlobal
